
Microsoft Visual Studio Solution File, Format Version 12.00
# Visual Studio Version 17
VisualStudioVersion = 17.10.34916.146
MinimumVisualStudioVersion = 10.0.40219.1
Project("{9A19103F-16F7-4668-BE54-9A1E7A4F7556}") = "Project2", "Project2\Project2.csproj", "{31C43ED7-2EAF-45B4-9B96-D81571811170}"
EndProject
Global
	GlobalSection(SolutionConfigurationPlatforms) = preSolution
		Debug|Any CPU = Debug|Any CPU
		Release|Any CPU = Release|Any CPU
	EndGlobalSection
	GlobalSection(ProjectConfigurationPlatforms) = postSolution
		{31C43ED7-2EAF-45B4-9B96-D81571811170}.Debug|Any CPU.ActiveCfg = Debug|Any CPU
		{31C43ED7-2EAF-45B4-9B96-D81571811170}.Debug|Any CPU.Build.0 = Debug|Any CPU
		{31C43ED7-2EAF-45B4-9B96-D81571811170}.Release|Any CPU.ActiveCfg = Release|Any CPU
		{31C43ED7-2EAF-45B4-9B96-D81571811170}.Release|Any CPU.Build.0 = Release|Any CPU
	EndGlobalSection
	GlobalSection(SolutionProperties) = preSolution
		HideSolutionNode = FALSE
	EndGlobalSection
	GlobalSection(ExtensibilityGlobals) = postSolution
		SolutionGuid = {FB94815E-C5D5-4CD1-A489-48C044F8FACB}
	EndGlobalSection
EndGlobal
